
Microsoft Visual Studio Solution File, Format Version 12.00
# Visual Studio Version 17
VisualStudioVersion = 17.4.33213.308
MinimumVisualStudioVersion = 10.0.40219.1
Project("{FAE04EC0-301F-11D3-BF4B-00C04F79EFBC}") = "CloudNaApplication", "CloudNaApplication\CloudNaApplication.csproj", "{11478C53-0EBD-410F-90FB-13BDF6E0A77E}"
EndProject
Project("{FAE04EC0-301F-11D3-BF4B-00C04F79EFBC}") = "Application", "Application\Application.csproj", "{1BEF0C98-9361-404A-AA85-2A1CE5049F90}"
EndProject
Project("{FAE04EC0-301F-11D3-BF4B-00C04F79EFBC}") = "Infrastructure", "Infrastructure\Infrastructure.csproj", "{687D600D-4106-4424-9422-C5B22C464996}"
EndProject
Global
	GlobalSection(SolutionConfigurationPlatforms) = preSolution
		Debug|Any CPU = Debug|Any CPU
		Release|Any CPU = Release|Any CPU
	EndGlobalSection
	GlobalSection(ProjectConfigurationPlatforms) = postSolution
		{11478C53-0EBD-410F-90FB-13BDF6E0A77E}.Debug|Any CPU.ActiveCfg = Debug|Any CPU
		{11478C53-0EBD-410F-90FB-13BDF6E0A77E}.Debug|Any CPU.Build.0 = Debug|Any CPU
		{11478C53-0EBD-410F-90FB-13BDF6E0A77E}.Release|Any CPU.ActiveCfg = Release|Any CPU
		{11478C53-0EBD-410F-90FB-13BDF6E0A77E}.Release|Any CPU.Build.0 = Release|Any CPU
		{1BEF0C98-9361-404A-AA85-2A1CE5049F90}.Debug|Any CPU.ActiveCfg = Debug|Any CPU
		{1BEF0C98-9361-404A-AA85-2A1CE5049F90}.Debug|Any CPU.Build.0 = Debug|Any CPU
		{1BEF0C98-9361-404A-AA85-2A1CE5049F90}.Release|Any CPU.ActiveCfg = Release|Any CPU
		{1BEF0C98-9361-404A-AA85-2A1CE5049F90}.Release|Any CPU.Build.0 = Release|Any CPU
		{687D600D-4106-4424-9422-C5B22C464996}.Debug|Any CPU.ActiveCfg = Debug|Any CPU
		{687D600D-4106-4424-9422-C5B22C464996}.Debug|Any CPU.Build.0 = Debug|Any CPU
		{687D600D-4106-4424-9422-C5B22C464996}.Release|Any CPU.ActiveCfg = Release|Any CPU
		{687D600D-4106-4424-9422-C5B22C464996}.Release|Any CPU.Build.0 = Release|Any CPU
	EndGlobalSection
	GlobalSection(SolutionProperties) = preSolution
		HideSolutionNode = FALSE
	EndGlobalSection
	GlobalSection(ExtensibilityGlobals) = postSolution
		SolutionGuid = {28158532-C4F6-46ED-9CC5-A9C22E9C1EC2}
	EndGlobalSection
EndGlobal
